
Microsoft Visual Studio Solution File, Format Version 12.00
Project("{FAE04EC0-301F-11D3-BF4B-00C04F79EFBC}") = "Presentation", "Presentation\Presentation.csproj", "{206636AB-2B09-4BAB-A403-3C19F8FD7970}"
EndProject
Project("{FAE04EC0-301F-11D3-BF4B-00C04F79EFBC}") = "Domain", "Domain\Domain.csproj", "{04FD9985-A352-4127-8170-E8A540581BDC}"
EndProject
Project("{FAE04EC0-301F-11D3-BF4B-00C04F79EFBC}") = "Data", "Data\Data.csproj", "{D20370D0-66ED-49D6-BB47-A16AD04F4415}"
EndProject
Project("{FAE04EC0-301F-11D3-BF4B-00C04F79EFBC}") = "PresentationTests", "Tests\PresentationTests\PresentationTests.csproj", "{A33C8B87-A438-4477-9CF2-D3D272344B73}"
EndProject
Project("{FAE04EC0-301F-11D3-BF4B-00C04F79EFBC}") = "DomainTests", "Tests\DomainTests\DomainTests.csproj", "{F2510B0C-C3CA-4556-8E33-C55DA78CB56B}"
EndProject
Project("{FAE04EC0-301F-11D3-BF4B-00C04F79EFBC}") = "DataTests", "Tests\DataTests\DataTests.csproj", "{26C633BC-8ACD-4947-BF7F-07DE036FD2EE}"
EndProject
Global
	GlobalSection(SolutionConfigurationPlatforms) = preSolution
		Debug|Any CPU = Debug|Any CPU
		Release|Any CPU = Release|Any CPU
	EndGlobalSection
	GlobalSection(ProjectConfigurationPlatforms) = postSolution
		{206636AB-2B09-4BAB-A403-3C19F8FD7970}.Debug|Any CPU.ActiveCfg = Debug|Any CPU
		{206636AB-2B09-4BAB-A403-3C19F8FD7970}.Debug|Any CPU.Build.0 = Debug|Any CPU
		{206636AB-2B09-4BAB-A403-3C19F8FD7970}.Release|Any CPU.ActiveCfg = Release|Any CPU
		{206636AB-2B09-4BAB-A403-3C19F8FD7970}.Release|Any CPU.Build.0 = Release|Any CPU
		{04FD9985-A352-4127-8170-E8A540581BDC}.Debug|Any CPU.ActiveCfg = Debug|Any CPU
		{04FD9985-A352-4127-8170-E8A540581BDC}.Debug|Any CPU.Build.0 = Debug|Any CPU
		{04FD9985-A352-4127-8170-E8A540581BDC}.Release|Any CPU.ActiveCfg = Release|Any CPU
		{04FD9985-A352-4127-8170-E8A540581BDC}.Release|Any CPU.Build.0 = Release|Any CPU
		{D20370D0-66ED-49D6-BB47-A16AD04F4415}.Debug|Any CPU.ActiveCfg = Debug|Any CPU
		{D20370D0-66ED-49D6-BB47-A16AD04F4415}.Debug|Any CPU.Build.0 = Debug|Any CPU
		{D20370D0-66ED-49D6-BB47-A16AD04F4415}.Release|Any CPU.ActiveCfg = Release|Any CPU
		{D20370D0-66ED-49D6-BB47-A16AD04F4415}.Release|Any CPU.Build.0 = Release|Any CPU
		{A33C8B87-A438-4477-9CF2-D3D272344B73}.Debug|Any CPU.ActiveCfg = Debug|Any CPU
		{A33C8B87-A438-4477-9CF2-D3D272344B73}.Debug|Any CPU.Build.0 = Debug|Any CPU
		{A33C8B87-A438-4477-9CF2-D3D272344B73}.Release|Any CPU.ActiveCfg = Release|Any CPU
		{A33C8B87-A438-4477-9CF2-D3D272344B73}.Release|Any CPU.Build.0 = Release|Any CPU
		{F2510B0C-C3CA-4556-8E33-C55DA78CB56B}.Debug|Any CPU.ActiveCfg = Debug|Any CPU
		{F2510B0C-C3CA-4556-8E33-C55DA78CB56B}.Debug|Any CPU.Build.0 = Debug|Any CPU
		{F2510B0C-C3CA-4556-8E33-C55DA78CB56B}.Release|Any CPU.ActiveCfg = Release|Any CPU
		{F2510B0C-C3CA-4556-8E33-C55DA78CB56B}.Release|Any CPU.Build.0 = Release|Any CPU
		{26C633BC-8ACD-4947-BF7F-07DE036FD2EE}.Debug|Any CPU.ActiveCfg = Debug|Any CPU
		{26C633BC-8ACD-4947-BF7F-07DE036FD2EE}.Debug|Any CPU.Build.0 = Debug|Any CPU
		{26C633BC-8ACD-4947-BF7F-07DE036FD2EE}.Release|Any CPU.ActiveCfg = Release|Any CPU
		{26C633BC-8ACD-4947-BF7F-07DE036FD2EE}.Release|Any CPU.Build.0 = Release|Any CPU
	EndGlobalSection
EndGlobal
